PODS:
  - Flutter (1.0.0)
  - flutter_hms_gms_checker (0.0.1):
    - Flutter

DEPENDENCIES:
  - Flutter (from `Flutter`)
  - flutter_hms_gms_checker (from `.symlinks/plugins/flutter_hms_gms_checker/ios`)

EXTERNAL SOURCES:
  Flutter:
    :path: Flutter
  flutter_hms_gms_checker:
    :path: ".symlinks/plugins/flutter_hms_gms_checker/ios"

SPEC CHECKSUMS:
  Flutter: 434fef37c0980e73bb6479ef766c45957d4b510c
  flutter_hms_gms_checker: 0ba2a397569c13940ec599633dd37ca91079a851

PODFILE CHECKSUM: aafe91acc616949ddb318b77800a7f51bffa2a4c

COCOAPODS: 1.10.1
